// !$*UTF8*$!
{
	archiveVersion = 1;
	classes = {
	};
	objectVersion = 46;
	objects = {

/* Begin PBXBuildFile section */
		2E06AECF2003900B00197838 /* Foundation.framework in Frameworks */ = {isa = PBXBuildFile; fileRef = 2E06AECE2003900B00197838 /* Foundation.framework */; };
		2E06AED12003900B00197838 /* CoreGraphics.framework in Frameworks */ = {isa = PBXBuildFile; fileRef = 2E06AED02003900B00197838 /* CoreGraphics.framework */; };
		2E06AED32003900B00197838 /* UIKit.framework in Frameworks */ = {isa = PBXBuildFile; fileRef = 2E06AED22003900B00197838 /* UIKit.framework */; };
		2E06AED92003900B00197838 /* InfoPlist.strings in Resources */ = {isa = PBXBuildFile; fileRef = 2E06AED72003900B00197838 /* InfoPlist.strings */; };
		2E06AEDB2003900B00197838 /* main.m in Sources */ = {isa = PBXBuildFile; fileRef = 2E06AEDA2003900B00197838 /* main.m */; };
		2E06AEDF2003900B00197838 /* LVAppDelegate.mm in Sources */ = {isa = PBXBuildFile; fileRef = 2E06AEDE2003900B00197838 /* LVAppDelegate.mm */; };
		2E06AEE12003900B00197838 /* Images.xcassets in Resources */ = {isa = PBXBuildFile; fileRef = 2E06AEE02003900B00197838 /* Images.xcassets */; };
		2E06AEE82003900B00197838 /* XCTest.framework in Frameworks */ = {isa = PBXBuildFile; fileRef = 2E06AEE72003900B00197838 /* XCTest.framework */; };
		2E06AEE92003900B00197838 /* Foundation.framework in Frameworks */ = {isa = PBXBuildFile; fileRef = 2E06AECE2003900B00197838 /* Foundation.framework */; };
		2E06AEEA2003900B00197838 /* UIKit.framework in Frameworks */ = {isa = PBXBuildFile; fileRef = 2E06AED22003900B00197838 /* UIKit.framework */; };
		2E06AEF22003900B00197838 /* InfoPlist.strings in Resources */ = {isa = PBXBuildFile; fileRef = 2E06AEF02003900B00197838 /* InfoPlist.strings */; };
		2E06AEF42003900B00197838 /* LiveEngineAppTests.m in Sources */ = {isa = PBXBuildFile; fileRef = 2E06AEF32003900B00197838 /* LiveEngineAppTests.m */; };
		2E06AF062003903900197838 /* libLiveEngine.a in Frameworks */ = {isa = PBXBuildFile; fileRef = 2E06AF032003901900197838 /* libLiveEngine.a */; };
/* End PBXBuildFile section */

/* Begin PBXContainerItemProxy section */
		2E06AEEB2003900B00197838 /* PBXContainerItemProxy */ = {
			isa = PBXContainerItemProxy;
			containerPortal = 2E06AEC32003900B00197838 /* Project object */;
			proxyType = 1;
			remoteGlobalIDString = 2E06AECA2003900B00197838;
			remoteInfo = LiveEngineApp;
		};
		2E06AF022003901900197838 /* PBXContainerItemProxy */ = {
			isa = PBXContainerItemProxy;
			containerPortal = 2E06AEFD2003901900197838 /* LiveEngine.xcodeproj */;
			proxyType = 2;
			remoteGlobalIDString = 2ED2ACFC2003465E007409F5;
			remoteInfo = LiveEngine;
		};
		2E06AF042003901900197838 /* PBXContainerItemProxy */ = {
			isa = PBXContainerItemProxy;
			containerPortal = 2E06AEFD2003901900197838 /* LiveEngine.xcodeproj */;
			proxyType = 2;
			remoteGlobalIDString = 2ED2AD0C2003465E007409F5;
			remoteInfo = LiveEngineTests;
		};
/* End PBXContainerItemProxy section */

/* Begin PBXFileReference section */
		2E06AECB2003900B00197838 /* LiveEngineApp.app */ = {isa = PBXFileReference; explicitFileType = wrapper.application; includeInIndex = 0; path = LiveEngineApp.app; sourceTree = BUILT_PRODUCTS_DIR; };
		2E06AECE2003900B00197838 /* Foundation.framework */ = {isa = PBXFileReference; lastKnownFileType = wrapper.framework; name = Foundation.framework; path = System/Library/Frameworks/Foundation.framework; sourceTree = SDKROOT; };
		2E06AED02003900B00197838 /* CoreGraphics.framework */ = {isa = PBXFileReference; lastKnownFileType = wrapper.framework; name = CoreGraphics.framework; path = System/Library/Frameworks/CoreGraphics.framework; sourceTree = SDKROOT; };
		2E06AED22003900B00197838 /* UIKit.framework */ = {isa = PBXFileReference; lastKnownFileType = wrapper.framework; name = UIKit.framework; path = System/Library/Frameworks/UIKit.framework; sourceTree = SDKROOT; };
		2E06AED62003900B00197838 /* LiveEngineApp-Info.plist */ = {isa = PBXFileReference; lastKnownFileType = text.plist.xml; path = "LiveEngineApp-Info.plist"; sourceTree = "<group>"; };
		2E06AED82003900B00197838 /* en */ = {isa = PBXFileReference; lastKnownFileType = text.plist.strings; name = en; path = en.lproj/InfoPlist.strings; sourceTree = "<group>"; };
		2E06AEDA2003900B00197838 /* main.m */ = {isa = PBXFileReference; lastKnownFileType = sourcecode.c.objc; path = main.m; sourceTree = "<group>"; };
		2E06AEDC2003900B00197838 /* LiveEngineApp-Prefix.pch */ = {isa = PBXFileReference; lastKnownFileType = sourcecode.c.h; path = "LiveEngineApp-Prefix.pch"; sourceTree = "<group>"; };
		2E06AEDD2003900B00197838 /* LVAppDelegate.h */ = {isa = PBXFileReference; lastKnownFileType = sourcecode.c.h; path = LVAppDelegate.h; sourceTree = "<group>"; };
		2E06AEDE2003900B00197838 /* LVAppDelegate.mm */ = {isa = PBXFileReference; lastKnownFileType = sourcecode.cpp.objcpp; path = LVAppDelegate.mm; sourceTree = "<group>"; };
		2E06AEE02003900B00197838 /* Images.xcassets */ = {isa = PBXFileReference; lastKnownFileType = folder.assetcatalog; path = Images.xcassets; sourceTree = "<group>"; };
		2E06AEE62003900B00197838 /* LiveEngineAppTests.xctest */ = {isa = PBXFileReference; explicitFileType = wrapper.cfbundle; includeInIndex = 0; path = LiveEngineAppTests.xctest; sourceTree = BUILT_PRODUCTS_DIR; };
		2E06AEE72003900B00197838 /* XCTest.framework */ = {isa = PBXFileReference; lastKnownFileType = wrapper.framework; name = XCTest.framework; path = Library/Frameworks/XCTest.framework; sourceTree = DEVELOPER_DIR; };
		2E06AEEF2003900B00197838 /* LiveEngineAppTests-Info.plist */ = {isa = PBXFileReference; lastKnownFileType = text.plist.xml; path = "LiveEngineAppTests-Info.plist"; sourceTree = "<group>"; };
		2E06AEF12003900B00197838 /* en */ = {isa = PBXFileReference; lastKnownFileType = text.plist.strings; name = en; path = en.lproj/InfoPlist.strings; sourceTree = "<group>"; };
		2E06AEF32003900B00197838 /* LiveEngineAppTests.m */ = {isa = PBXFileReference; lastKnownFileType = sourcecode.c.objc; path = LiveEngineAppTests.m; sourceTree = "<group>"; };
		2E06AEFD2003901900197838 /* LiveEngine.xcodeproj */ = {isa = PBXFileReference; lastKnownFileType = "wrapper.pb-project"; name = LiveEngine.xcodeproj; path = ../Library/LiveEngine.xcodeproj; sourceTree = "<group>"; };
/* End PBXFileReference section */

/* Begin PBXFrameworksBuildPhase section */
		2E06AEC82003900B00197838 /* Frameworks */ = {
			isa = PBXFrameworksBuildPhase;
			buildActionMask = 2147483647;
			files = (
				2E06AF062003903900197838 /* libLiveEngine.a in Frameworks */,
				2E06AED12003900B00197838 /* CoreGraphics.framework in Frameworks */,
				2E06AED32003900B00197838 /* UIKit.framework in Frameworks */,
				2E06AECF2003900B00197838 /* Foundation.framework in Frameworks */,
			);
			runOnlyForDeploymentPostprocessing = 0;
		};
		2E06AEE32003900B00197838 /* Frameworks */ = {
			isa = PBXFrameworksBuildPhase;
			buildActionMask = 2147483647;
			files = (
				2E06AEE82003900B00197838 /* XCTest.framework in Frameworks */,
				2E06AEEA2003900B00197838 /* UIKit.framework in Frameworks */,
				2E06AEE92003900B00197838 /* Foundation.framework in Frameworks */,
			);
			runOnlyForDeploymentPostprocessing = 0;
		};
/* End PBXFrameworksBuildPhase section */

/* Begin PBXGroup section */
		2E06AEC22003900B00197838 = {
			isa = PBXGroup;
			children = (
				2E06AEFD2003901900197838 /* LiveEngine.xcodeproj */,
				2E06AED42003900B00197838 /* LiveEngineApp */,
				2E06AEED2003900B00197838 /* LiveEngineAppTests */,
				2E06AECD2003900B00197838 /* Frameworks */,
				2E06AECC2003900B00197838 /* Products */,
			);
			sourceTree = "<group>";
		};
		2E06AECC2003900B00197838 /* Products */ = {
			isa = PBXGroup;
			children = (
				2E06AECB2003900B00197838 /* LiveEngineApp.app */,
				2E06AEE62003900B00197838 /* LiveEngineAppTests.xctest */,
			);
			name = Products;
			sourceTree = "<group>";
		};
		2E06AECD2003900B00197838 /* Frameworks */ = {
			isa = PBXGroup;
			children = (
				2E06AECE2003900B00197838 /* Foundation.framework */,
				2E06AED02003900B00197838 /* CoreGraphics.framework */,
				2E06AED22003900B00197838 /* UIKit.framework */,
				2E06AEE72003900B00197838 /* XCTest.framework */,
			);
			name = Frameworks;
			sourceTree = "<group>";
		};
		2E06AED42003900B00197838 /* LiveEngineApp */ = {
			isa = PBXGroup;
			children = (
				2E06AEDD2003900B00197838 /* LVAppDelegate.h */,
				2E06AEDE2003900B00197838 /* LVAppDelegate.mm */,
				2E06AEE02003900B00197838 /* Images.xcassets */,
				2E06AED52003900B00197838 /* Supporting Files */,
			);
			path = LiveEngineApp;
			sourceTree = "<group>";
		};
		2E06AED52003900B00197838 /* Supporting Files */ = {
			isa = PBXGroup;
			children = (
				2E06AED62003900B00197838 /* LiveEngineApp-Info.plist */,
				2E06AED72003900B00197838 /* InfoPlist.strings */,
				2E06AEDA2003900B00197838 /* main.m */,
				2E06AEDC2003900B00197838 /* LiveEngineApp-Prefix.pch */,
			);
			name = "Supporting Files";
			sourceTree = "<group>";
		};
		2E06AEED2003900B00197838 /* LiveEngineAppTests */ = {
			isa = PBXGroup;
			children = (
				2E06AEF32003900B00197838 /* LiveEngineAppTests.m */,
				2E06AEEE2003900B00197838 /* Supporting Files */,
			);
			path = LiveEngineAppTests;
			sourceTree = "<group>";
		};
		2E06AEEE2003900B00197838 /* Supporting Files */ = {
			isa = PBXGroup;
			children = (
				2E06AEEF2003900B00197838 /* LiveEngineAppTests-Info.plist */,
				2E06AEF02003900B00197838 /* InfoPlist.strings */,
			);
			name = "Supporting Files";
			sourceTree = "<group>";
		};
		2E06AEFE2003901900197838 /* Products */ = {
			isa = PBXGroup;
			children = (
				2E06AF032003901900197838 /* libLiveEngine.a */,
				2E06AF052003901900197838 /* LiveEngineTests.xctest */,
			);
			name = Products;
			sourceTree = "<group>";
		};
/* End PBXGroup section */

/* Begin PBXNativeTarget section */
		2E06AECA2003900B00197838 /* LiveEngineApp */ = {
			isa = PBXNativeTarget;
			buildConfigurationList = 2E06AEF72003900B00197838 /* Build configuration list for PBXNativeTarget "LiveEngineApp" */;
			buildPhases = (
				2E06AEC72003900B00197838 /* Sources */,
				2E06AEC82003900B00197838 /* Frameworks */,
				2E06AEC92003900B00197838 /* Resources */,
			);
			buildRules = (
			);
			dependencies = (
			);
			name = LiveEngineApp;
			productName = LiveEngineApp;
			productReference = 2E06AECB2003900B00197838 /* LiveEngineApp.app */;
			productType = "com.apple.product-type.application";
		};
		2E06AEE52003900B00197838 /* LiveEngineAppTests */ = {
			isa = PBXNativeTarget;
			buildConfigurationList = 2E06AEFA2003900B00197838 /* Build configuration list for PBXNativeTarget "LiveEngineAppTests" */;
			buildPhases = (
				2E06AEE22003900B00197838 /* Sources */,
				2E06AEE32003900B00197838 /* Frameworks */,
				2E06AEE42003900B00197838 /* Resources */,
			);
			buildRules = (
			);
			dependencies = (
				2E06AEEC2003900B00197838 /* PBXTargetDependency */,
			);
			name = LiveEngineAppTests;
			productName = LiveEngineAppTests;
			productReference = 2E06AEE62003900B00197838 /* LiveEngineAppTests.xctest */;
			productType = "com.apple.product-type.bundle.unit-test";
		};
/* End PBXNativeTarget section */

/* Begin PBXProject section */
		2E06AEC32003900B00197838 /* Project object */ = {
			isa = PBXProject;
			attributes = {
				CLASSPREFIX = LV;
				LastUpgradeCheck = 0510;
				ORGANIZATIONNAME = RevLow;
				TargetAttributes = {
					2E06AEE52003900B00197838 = {
						TestTargetID = 2E06AECA2003900B00197838;
					};
				};
			};
			buildConfigurationList = 2E06AEC62003900B00197838 /* Build configuration list for PBXProject "LiveEngineApp" */;
			compatibilityVersion = "Xcode 3.2";
			developmentRegion = English;
			hasScannedForEncodings = 0;
			knownRegions = (
				en,
			);
			mainGroup = 2E06AEC22003900B00197838;
			productRefGroup = 2E06AECC2003900B00197838 /* Products */;
			projectDirPath = "";
			projectReferences = (
				{
					ProductGroup = 2E06AEFE2003901900197838 /* Products */;
					ProjectRef = 2E06AEFD2003901900197838 /* LiveEngine.xcodeproj */;
				},
			);
			projectRoot = "";
			targets = (
				2E06AECA2003900B00197838 /* LiveEngineApp */,
				2E06AEE52003900B00197838 /* LiveEngineAppTests */,
			);
		};
/* End PBXProject section */

/* Begin PBXReferenceProxy section */
		2E06AF032003901900197838 /* libLiveEngine.a */ = {
			isa = PBXReferenceProxy;
			fileType = archive.ar;
			path = libLiveEngine.a;
			remoteRef = 2E06AF022003901900197838 /* PBXContainerItemProxy */;
			sourceTree = BUILT_PRODUCTS_DIR;
		};
		2E06AF052003901900197838 /* LiveEngineTests.xctest */ = {
			isa = PBXReferenceProxy;
			fileType = wrapper.cfbundle;
			path = LiveEngineTests.xctest;
			remoteRef = 2E06AF042003901900197838 /* PBXContainerItemProxy */;
			sourceTree = BUILT_PRODUCTS_DIR;
		};
/* End PBXReferenceProxy section */

/* Begin PBXResourcesBuildPhase section */
		2E06AEC92003900B00197838 /* Resources */ = {
			isa = PBXResourcesBuildPhase;
			buildActionMask = 2147483647;
			files = (
				2E06AED92003900B00197838 /* InfoPlist.strings in Resources */,
				2E06AEE12003900B00197838 /* Images.xcassets in Resources */,
			);
			runOnlyForDeploymentPostprocessing = 0;
		};
		2E06AEE42003900B00197838 /* Resources */ = {
			isa = PBXResourcesBuildPhase;
			buildActionMask = 2147483647;
			files = (
				2E06AEF22003900B00197838 /* InfoPlist.strings in Resources */,
			);
			runOnlyForDeploymentPostprocessing = 0;
		};
/* End PBXResourcesBuildPhase section */

/* Begin PBXSourcesBuildPhase section */
		2E06AEC72003900B00197838 /* Sources */ = {
			isa = PBXSourcesBuildPhase;
			buildActionMask = 2147483647;
			files = (
				2E06AEDF2003900B00197838 /* LVAppDelegate.mm in Sources */,
				2E06AEDB2003900B00197838 /* main.m in Sources */,
			);
			runOnlyForDeploymentPostprocessing = 0;
		};
		2E06AEE22003900B00197838 /* Sources */ = {
			isa = PBXSourcesBuildPhase;
			buildActionMask = 2147483647;
			files = (
				2E06AEF42003900B00197838 /* LiveEngineAppTests.m in Sources */,
			);
			runOnlyForDeploymentPostprocessing = 0;
		};
/* End PBXSourcesBuildPhase section */

/* Begin PBXTargetDependency section */
		2E06AEEC2003900B00197838 /* PBXTargetDependency */ = {
			isa = PBXTargetDependency;
			target = 2E06AECA2003900B00197838 /* LiveEngineApp */;
			targetProxy = 2E06AEEB2003900B00197838 /* PBXContainerItemProxy */;
		};
/* End PBXTargetDependency section */

/* Begin PBXVariantGroup section */
		2E06AED72003900B00197838 /* InfoPlist.strings */ = {
			isa = PBXVariantGroup;
			children = (
				2E06AED82003900B00197838 /* en */,
			);
			name = InfoPlist.strings;
			sourceTree = "<group>";
		};
		2E06AEF02003900B00197838 /* InfoPlist.strings */ = {
			isa = PBXVariantGroup;
			children = (
				2E06AEF12003900B00197838 /* en */,
			);
			name = InfoPlist.strings;
			sourceTree = "<group>";
		};
/* End PBXVariantGroup section */

/* Begin XCBuildConfiguration section */
		2E06AEF52003900B00197838 /* Debug */ = {
			isa = XCBuildConfiguration;
			buildSettings = {
				ALWAYS_SEARCH_USER_PATHS = NO;
				CLANG_CXX_LANGUAGE_STANDARD = "gnu++0x";
				CLANG_CXX_LIBRARY = "libc++";
				CLANG_ENABLE_MODULES = YES;
				CLANG_ENABLE_OBJC_ARC = YES;
				CLANG_WARN_BOOL_CONVERSION = YES;
				CLANG_WARN_CONSTANT_CONVERSION = YES;
				CLANG_WARN_DIRECT_OBJC_ISA_USAGE = YES_ERROR;
				CLANG_WARN_EMPTY_BODY = YES;
				CLANG_WARN_ENUM_CONVERSION = YES;
				CLANG_WARN_INT_CONVERSION = YES;
				CLANG_WARN_OBJC_ROOT_CLASS = YES_ERROR;
				CLANG_WARN__DUPLICATE_METHOD_MATCH = YES;
				"CODE_SIGN_IDENTITY[sdk=iphoneos*]" = "iPhone Developer";
				COPY_PHASE_STRIP = NO;
				GCC_C_LANGUAGE_STANDARD = gnu99;
				GCC_DYNAMIC_NO_PIC = NO;
				GCC_OPTIMIZATION_LEVEL = 0;
				GCC_PREPROCESSOR_DEFINITIONS = (
					"DEBUG=1",
					"$(inherited)",
				);
				GCC_SYMBOLS_PRIVATE_EXTERN = NO;
				GCC_WARN_64_TO_32_BIT_CONVERSION = YES;
				GCC_WARN_ABOUT_RETURN_TYPE = YES_ERROR;
				GCC_WARN_UNDECLARED_SELECTOR = YES;
				GCC_WARN_UNINITIALIZED_AUTOS = YES_AGGRESSIVE;
				GCC_WARN_UNUSED_FUNCTION = YES;
				GCC_WARN_UNUSED_VARIABLE = YES;
				IPHONEOS_DEPLOYMENT_TARGET = 7.1;
				ONLY_ACTIVE_ARCH = YES;
				SDKROOT = iphoneos;
				TARGETED_DEVICE_FAMILY = "1,2";
			};
			name = Debug;
		};
		2E06AEF62003900B00197838 /* Release */ = {
			isa = XCBuildConfiguration;
			buildSettings = {
				ALWAYS_SEARCH_USER_PATHS = NO;
				CLANG_CXX_LANGUAGE_STANDARD = "gnu++0x";
				CLANG_CXX_LIBRARY = "libc++";
				CLANG_ENABLE_MODULES = YES;
				CLANG_ENABLE_OBJC_ARC = YES;
				CLANG_WARN_BOOL_CONVERSION = YES;
				CLANG_WARN_CONSTANT_CONVERSION = YES;
				CLANG_WARN_DIRECT_OBJC_ISA_USAGE = YES_ERROR;
				CLANG_WARN_EMPTY_BODY = YES;
				CLANG_WARN_ENUM_CONVERSION = YES;
				CLANG_WARN_INT_CONVERSION = YES;
				CLANG_WARN_OBJC_ROOT_CLASS = YES_ERROR;
				CLANG_WARN__DUPLICATE_METHOD_MATCH = YES;
				"CODE_SIGN_IDENTITY[sdk=iphoneos*]" = "iPhone Developer";
				COPY_PHASE_STRIP = YES;
				ENABLE_NS_ASSERTIONS = NO;
				GCC_C_LANGUAGE_STANDARD = gnu99;
				GCC_WARN_64_TO_32_BIT_CONVERSION = YES;
				GCC_WARN_ABOUT_RETURN_TYPE = YES_ERROR;
				GCC_WARN_UNDECLARED_SELECTOR = YES;
				GCC_WARN_UNINITIALIZED_AUTOS = YES_AGGRESSIVE;
				GCC_WARN_UNUSED_FUNCTION = YES;
				GCC_WARN_UNUSED_VARIABLE = YES;
				IPHONEOS_DEPLOYMENT_TARGET = 7.1;
				SDKROOT = iphoneos;
				TARGETED_DEVICE_FAMILY = "1,2";
				VALIDATE_PRODUCT = YES;
			};
			name = Release;
		};
		2E06AEF82003900B00197838 /* Debug */ = {
			isa = XCBuildConfiguration;
			buildSettings = {
				ASSETCATALOG_COMPILER_APPICON_NAME = AppIcon;
				ASSETCATALOG_COMPILER_LAUNCHIMAGE_NAME = LaunchImage;
				CLANG_CXX_LANGUAGE_STANDARD = "gnu++0x";
				GCC_PRECOMPILE_PREFIX_HEADER = YES;
				GCC_PREFIX_HEADER = "LiveEngineApp/LiveEngineApp-Prefix.pch";
				HEADER_SEARCH_PATHS = (
					"$(inherited)",
					/Applications/Xcode.app/Contents/Developer/Toolchains/XcodeDefault.xctoolchain/usr/include,
					"\"$(SRCROOT)/../Library/LiveEngine/include\"",
					"\"$(SRCROOT)/../Library/LiveEngine/platform/ios\"",
				);
				INFOPLIST_FILE = "LiveEngineApp/LiveEngineApp-Info.plist";
				OTHER_LDFLAGS = "-lstdc++";
				PRODUCT_NAME = "$(TARGET_NAME)";
				WRAPPER_EXTENSION = app;
			};
			name = Debug;
		};
		2E06AEF92003900B00197838 /* Release */ = {
			isa = XCBuildConfiguration;
			buildSettings = {
				ASSETCATALOG_COMPILER_APPICON_NAME = AppIcon;
				ASSETCATALOG_COMPILER_LAUNCHIMAGE_NAME = LaunchImage;
				CLANG_CXX_LANGUAGE_STANDARD = "gnu++0x";
				GCC_PRECOMPILE_PREFIX_HEADER = YES;
				GCC_PREFIX_HEADER = "LiveEngineApp/LiveEngineApp-Prefix.pch";
				HEADER_SEARCH_PATHS = (
					"$(inherited)",
					/Applications/Xcode.app/Contents/Developer/Toolchains/XcodeDefault.xctoolchain/usr/include,
					"\"$(SRCROOT)/../Library/LiveEngine/include\"",
					"\"$(SRCROOT)/../Library/LiveEngine/platform/ios\"",
				);
				INFOPLIST_FILE = "LiveEngineApp/LiveEngineApp-Info.plist";
				OTHER_LDFLAGS = "-lstdc++";
				PRODUCT_NAME = "$(TARGET_NAME)";
				WRAPPER_EXTENSION = app;
			};
			name = Release;
		};
		2E06AEFB2003900B00197838 /* Debug */ = {
			isa = XCBuildConfiguration;
			buildSettings = {
				BUNDLE_LOADER = "$(BUILT_PRODUCTS_DIR)/LiveEngineApp.app/LiveEngineApp";
				FRAMEWORK_SEARCH_PATHS = (
					"$(SDKROOT)/Developer/Library/Frameworks",
					"$(inherited)",
					"$(DEVELOPER_FRAMEWORKS_DIR)",
				);
				GCC_PRECOMPILE_PREFIX_HEADER = YES;
				GCC_PREFIX_HEADER = "LiveEngineApp/LiveEngineApp-Prefix.pch";
				GCC_PREPROCESSOR_DEFINITIONS = (
					"DEBUG=1",
					"$(inherited)",
				);
				INFOPLIST_FILE = "LiveEngineAppTests/LiveEngineAppTests-Info.plist";
				PRODUCT_NAME = "$(TARGET_NAME)";
				TEST_HOST = "$(BUNDLE_LOADER)";
				WRAPPER_EXTENSION = xctest;
			};
			name = Debug;
		};
		2E06AEFC2003900B00197838 /* Release */ = {
			isa = XCBuildConfiguration;
			buildSettings = {
				BUNDLE_LOADER = "$(BUILT_PRODUCTS_DIR)/LiveEngineApp.app/LiveEngineApp";
				FRAMEWORK_SEARCH_PATHS = (
					"$(SDKROOT)/Developer/Library/Frameworks",
					"$(inherited)",
					"$(DEVELOPER_FRAMEWORKS_DIR)",
				);
				GCC_PRECOMPILE_PREFIX_HEADER = YES;
				GCC_PREFIX_HEADER = "LiveEngineApp/LiveEngineApp-Prefix.pch";
				INFOPLIST_FILE = "LiveEngineAppTests/LiveEngineAppTests-Info.plist";
				PRODUCT_NAME = "$(TARGET_NAME)";
				TEST_HOST = "$(BUNDLE_LOADER)";
				WRAPPER_EXTENSION = xctest;
			};
			name = Release;
		};
/* End XCBuildConfiguration section */

/* Begin XCConfigurationList section */
		2E06AEC62003900B00197838 /* Build configuration list for PBXProject "LiveEngineApp" */ = {
			isa = XCConfigurationList;
			buildConfigurations = (
				2E06AEF52003900B00197838 /* Debug */,
				2E06AEF62003900B00197838 /* Release */,
			);
			defaultConfigurationIsVisible = 0;
			defaultConfigurationName = Release;
		};
		2E06AEF72003900B00197838 /* Build configuration list for PBXNativeTarget "LiveEngineApp" */ = {
			isa = XCConfigurationList;
			buildConfigurations = (
				2E06AEF82003900B00197838 /* Debug */,
				2E06AEF92003900B00197838 /* Release */,
			);
			defaultConfigurationIsVisible = 0;
			defaultConfigurationName = Release;
		};
		2E06AEFA2003900B00197838 /* Build configuration list for PBXNativeTarget "LiveEngineAppTests" */ = {
			isa = XCConfigurationList;
			buildConfigurations = (
				2E06AEFB2003900B00197838 /* Debug */,
				2E06AEFC2003900B00197838 /* Release */,
			);
			defaultConfigurationIsVisible = 0;
			defaultConfigurationName = Release;
		};
/* End XCConfigurationList section */
	};
	rootObject = 2E06AEC32003900B00197838 /* Project object */;
}
